// !$*UTF8*$!
{
	archiveVersion = 1;
	classes = {
	};
	objectVersion = 56;
	objects = {

/* Begin PBXBuildFile section */
		ED6E4F2E2B4064BC00512229 /* PeopleView.swift in Sources */ = {isa = PBXBuildFile; fileRef = ED6E4F2D2B4064BC00512229 /* PeopleView.swift */; };
		EDCFE2432B3FDDA600C33CA0 /* EditPersonView.swift in Sources */ = {isa = PBXBuildFile; fileRef = EDCFE2422B3FDDA600C33CA0 /* EditPersonView.swift */; };
		EDD046B62B3E72D600B9F29C /* FaceFactsApp.swift in Sources */ = {isa = PBXBuildFile; fileRef = EDD046B52B3E72D600B9F29C /* FaceFactsApp.swift */; };
		EDD046B82B3E72D600B9F29C /* ContentView.swift in Sources */ = {isa = PBXBuildFile; fileRef = EDD046B72B3E72D600B9F29C /* ContentView.swift */; };
		EDD046BA2B3E72D600B9F29C /* Assets.xcassets in Resources */ = {isa = PBXBuildFile; fileRef = EDD046B92B3E72D600B9F29C /* Assets.xcassets */; };
		EDD046BD2B3E72D600B9F29C /* Preview Assets.xcassets in Resources */ = {isa = PBXBuildFile; fileRef = EDD046BC2B3E72D600B9F29C /* Preview Assets.xcassets */; };
		EDD046C42B3E8D0F00B9F29C /* Person.swift in Sources */ = {isa = PBXBuildFile; fileRef = EDD046C32B3E8D0F00B9F29C /* Person.swift */; };
		EDE97E112B43A80C000A76FC /* Event.swift in Sources */ = {isa = PBXBuildFile; fileRef = EDE97E102B43A80C000A76FC /* Event.swift */; };
		EDE97E162B43AFED000A76FC /* EditEventView.swift in Sources */ = {isa = PBXBuildFile; fileRef = EDE97E152B43AFED000A76FC /* EditEventView.swift */; };
		EDE97E182B43B783000A76FC /* Previewer.swift in Sources */ = {isa = PBXBuildFile; fileRef = EDE97E172B43B783000A76FC /* Previewer.swift */; };
/* End PBXBuildFile section */

/* Begin PBXFileReference section */
		ED6E4F2D2B4064BC00512229 /* PeopleView.swift */ = {isa = PBXFileReference; lastKnownFileType = sourcecode.swift; path = PeopleView.swift; sourceTree = "<group>"; };
		EDCFE2422B3FDDA600C33CA0 /* EditPersonView.swift */ = {isa = PBXFileReference; lastKnownFileType = sourcecode.swift; path = EditPersonView.swift; sourceTree = "<group>"; };
		EDD046B22B3E72D600B9F29C /* FaceFacts.app */ = {isa = PBXFileReference; explicitFileType = wrapper.application; includeInIndex = 0; path = FaceFacts.app; sourceTree = BUILT_PRODUCTS_DIR; };
		EDD046B52B3E72D600B9F29C /* FaceFactsApp.swift */ = {isa = PBXFileReference; lastKnownFileType = sourcecode.swift; path = FaceFactsApp.swift; sourceTree = "<group>"; };
		EDD046B72B3E72D600B9F29C /* ContentView.swift */ = {isa = PBXFileReference; lastKnownFileType = sourcecode.swift; path = ContentView.swift; sourceTree = "<group>"; };
		EDD046B92B3E72D600B9F29C /* Assets.xcassets */ = {isa = PBXFileReference; lastKnownFileType = folder.assetcatalog; path = Assets.xcassets; sourceTree = "<group>"; };
		EDD046BC2B3E72D600B9F29C /* Preview Assets.xcassets */ = {isa = PBXFileReference; lastKnownFileType = folder.assetcatalog; path = "Preview Assets.xcassets"; sourceTree = "<group>"; };
		EDD046C32B3E8D0F00B9F29C /* Person.swift */ = {isa = PBXFileReference; lastKnownFileType = sourcecode.swift; path = Person.swift; sourceTree = "<group>"; };
		EDE97E102B43A80C000A76FC /* Event.swift */ = {isa = PBXFileReference; lastKnownFileType = sourcecode.swift; path = Event.swift; sourceTree = "<group>"; };
		EDE97E152B43AFED000A76FC /* EditEventView.swift */ = {isa = PBXFileReference; lastKnownFileType = sourcecode.swift; path = EditEventView.swift; sourceTree = "<group>"; };
		EDE97E172B43B783000A76FC /* Previewer.swift */ = {isa = PBXFileReference; lastKnownFileType = sourcecode.swift; path = Previewer.swift; sourceTree = "<group>"; };
/* End PBXFileReference section */

/* Begin PBXFrameworksBuildPhase section */
		EDD046AF2B3E72D600B9F29C /* Frameworks */ = {
			isa = PBXFrameworksBuildPhase;
			buildActionMask = 2147483647;
			files = (
			);
			runOnlyForDeploymentPostprocessing = 0;
		};
/* End PBXFrameworksBuildPhase section */

/* Begin PBXGroup section */
		EDD046A92B3E72D600B9F29C = {
			isa = PBXGroup;
			children = (
				EDD046B42B3E72D600B9F29C /* FaceFacts */,
				EDD046B32B3E72D600B9F29C /* Products */,
			);
			sourceTree = "<group>";
		};
		EDD046B32B3E72D600B9F29C /* Products */ = {
			isa = PBXGroup;
			children = (
				EDD046B22B3E72D600B9F29C /* FaceFacts.app */,
			);
			name = Products;
			sourceTree = "<group>";
		};
		EDD046B42B3E72D600B9F29C /* FaceFacts */ = {
			isa = PBXGroup;
			children = (
				EDD046B52B3E72D600B9F29C /* FaceFactsApp.swift */,
				EDE97E172B43B783000A76FC /* Previewer.swift */,
				EDE97E132B43A821000A76FC /* Models */,
				EDE97E142B43A843000A76FC /* Views */,
				EDD046B92B3E72D600B9F29C /* Assets.xcassets */,
				EDD046BB2B3E72D600B9F29C /* Preview Content */,
			);
			path = FaceFacts;
			sourceTree = "<group>";
		};
		EDD046BB2B3E72D600B9F29C /* Preview Content */ = {
			isa = PBXGroup;
			children = (
				EDD046BC2B3E72D600B9F29C /* Preview Assets.xcassets */,
			);
			path = "Preview Content";
			sourceTree = "<group>";
		};
		EDE97E132B43A821000A76FC /* Models */ = {
			isa = PBXGroup;
			children = (
				EDD046C32B3E8D0F00B9F29C /* Person.swift */,
				EDE97E102B43A80C000A76FC /* Event.swift */,
			);
			path = Models;
			sourceTree = "<group>";
		};
		EDE97E142B43A843000A76FC /* Views */ = {
			isa = PBXGroup;
			children = (
				EDD046B72B3E72D600B9F29C /* ContentView.swift */,
				ED6E4F2D2B4064BC00512229 /* PeopleView.swift */,
				EDCFE2422B3FDDA600C33CA0 /* EditPersonView.swift */,
				EDE97E152B43AFED000A76FC /* EditEventView.swift */,
			);
			path = Views;
			sourceTree = "<group>";
		};
/* End PBXGroup section */

/* Begin PBXNativeTarget section */
		EDD046B12B3E72D600B9F29C /* FaceFacts */ = {
			isa = PBXNativeTarget;
			buildConfigurationList = EDD046C02B3E72D600B9F29C /* Build configuration list for PBXNativeTarget "FaceFacts" */;
			buildPhases = (
				EDD046AE2B3E72D600B9F29C /* Sources */,
				EDD046AF2B3E72D600B9F29C /* Frameworks */,
				EDD046B02B3E72D600B9F29C /* Resources */,
			);
			buildRules = (
			);
			dependencies = (
			);
			name = FaceFacts;
			productName = FaceFacts;
			productReference = EDD046B22B3E72D600B9F29C /* FaceFacts.app */;
			productType = "com.apple.product-type.application";
		};
/* End PBXNativeTarget section */

/* Begin PBXProject section */
		EDD046AA2B3E72D600B9F29C /* Project object */ = {
			isa = PBXProject;
			attributes = {
				BuildIndependentTargetsInParallel = 1;
				LastSwiftUpdateCheck = 1500;
				LastUpgradeCheck = 1500;
				TargetAttributes = {
					EDD046B12B3E72D600B9F29C = {
						CreatedOnToolsVersion = 15.0.1;
					};
				};
			};
			buildConfigurationList = EDD046AD2B3E72D600B9F29C /* Build configuration list for PBXProject "FaceFacts" */;
			compatibilityVersion = "Xcode 14.0";
			developmentRegion = en;
			hasScannedForEncodings = 0;
			knownRegions = (
				en,
				Base,
			);
			mainGroup = EDD046A92B3E72D600B9F29C;
			productRefGroup = EDD046B32B3E72D600B9F29C /* Products */;
			projectDirPath = "";
			projectRoot = "";
			targets = (
				EDD046B12B3E72D600B9F29C /* FaceFacts */,
			);
		};
/* End PBXProject section */

/* Begin PBXResourcesBuildPhase section */
		EDD046B02B3E72D600B9F29C /* Resources */ = {
			isa = PBXResourcesBuildPhase;
			buildActionMask = 2147483647;
			files = (
				EDD046BD2B3E72D600B9F29C /* Preview Assets.xcassets in Resources */,
				EDD046BA2B3E72D600B9F29C /* Assets.xcassets in Resources */,
			);
			runOnlyForDeploymentPostprocessing = 0;
		};
/* End PBXResourcesBuildPhase section */

/* Begin PBXSourcesBuildPhase section */
		EDD046AE2B3E72D600B9F29C /* Sources */ = {
			isa = PBXSourcesBuildPhase;
			buildActionMask = 2147483647;
			files = (
				EDD046C42B3E8D0F00B9F29C /* Person.swift in Sources */,
				ED6E4F2E2B4064BC00512229 /* PeopleView.swift in Sources */,
				EDD046B82B3E72D600B9F29C /* ContentView.swift in Sources */,
				EDE97E182B43B783000A76FC /* Previewer.swift in Sources */,
				EDD046B62B3E72D600B9F29C /* FaceFactsApp.swift in Sources */,
				EDE97E112B43A80C000A76FC /* Event.swift in Sources */,
				EDCFE2432B3FDDA600C33CA0 /* EditPersonView.swift in Sources */,
				EDE97E162B43AFED000A76FC /* EditEventView.swift in Sources */,
			);
			runOnlyForDeploymentPostprocessing = 0;
		};
/* End PBXSourcesBuildPhase section */

/* Begin XCBuildConfiguration section */
		EDD046BE2B3E72D600B9F29C /* Debug */ = {
			isa = XCBuildConfiguration;
			buildSettings = {
				ALWAYS_SEARCH_USER_PATHS = NO;
				ASSETCATALOG_COMPILER_GENERATE_SWIFT_ASSET_SYMBOL_EXTENSIONS = YES;
				CLANG_ANALYZER_NONNULL = YES;
				CLANG_ANALYZER_NUMBER_OBJECT_CONVERSION = YES_AGGRESSIVE;
				CLANG_CXX_LANGUAGE_STANDARD = "gnu++20";
				CLANG_ENABLE_MODULES = YES;
				CLANG_ENABLE_OBJC_ARC = YES;
				CLANG_ENABLE_OBJC_WEAK = YES;
				CLANG_WARN_BLOCK_CAPTURE_AUTORELEASING = YES;
				CLANG_WARN_BOOL_CONVERSION = YES;
				CLANG_WARN_COMMA = YES;
				CLANG_WARN_CONSTANT_CONVERSION = YES;
				CLANG_WARN_DEPRECATED_OBJC_IMPLEMENTATIONS = YES;
				CLANG_WARN_DIRECT_OBJC_ISA_USAGE = YES_ERROR;
				CLANG_WARN_DOCUMENTATION_COMMENTS = YES;
				CLANG_WARN_EMPTY_BODY = YES;
				CLANG_WARN_ENUM_CONVERSION = YES;
				CLANG_WARN_INFINITE_RECURSION = YES;
				CLANG_WARN_INT_CONVERSION = YES;
				CLANG_WARN_NON_LITERAL_NULL_CONVERSION = YES;
				CLANG_WARN_OBJC_IMPLICIT_RETAIN_SELF = YES;
				CLANG_WARN_OBJC_LITERAL_CONVERSION = YES;
				CLANG_WARN_OBJC_ROOT_CLASS = YES_ERROR;
				CLANG_WARN_QUOTED_INCLUDE_IN_FRAMEWORK_HEADER = YES;
				CLANG_WARN_RANGE_LOOP_ANALYSIS = YES;
				CLANG_WARN_STRICT_PROTOTYPES = YES;
				CLANG_WARN_SUSPICIOUS_MOVE = YES;
				CLANG_WARN_UNGUARDED_AVAILABILITY = YES_AGGRESSIVE;
				CLANG_WARN_UNREACHABLE_CODE = YES;
				CLANG_WARN__DUPLICATE_METHOD_MATCH = YES;
				COPY_PHASE_STRIP = NO;
				DEBUG_INFORMATION_FORMAT = dwarf;
				ENABLE_STRICT_OBJC_MSGSEND = YES;
				ENABLE_TESTABILITY = YES;
				ENABLE_USER_SCRIPT_SANDBOXING = YES;
				GCC_C_LANGUAGE_STANDARD = gnu17;
				GCC_DYNAMIC_NO_PIC = NO;
				GCC_NO_COMMON_BLOCKS = YES;
				GCC_OPTIMIZATION_LEVEL = 0;
				GCC_PREPROCESSOR_DEFINITIONS = (
					"DEBUG=1",
					"$(inherited)",
				);
				GCC_WARN_64_TO_32_BIT_CONVERSION = YES;
				GCC_WARN_ABOUT_RETURN_TYPE = YES_ERROR;
				GCC_WARN_UNDECLARED_SELECTOR = YES;
				GCC_WARN_UNINITIALIZED_AUTOS = YES_AGGRESSIVE;
				GCC_WARN_UNUSED_FUNCTION = YES;
				GCC_WARN_UNUSED_VARIABLE = YES;
				IPHONEOS_DEPLOYMENT_TARGET = 17.0;
				LOCALIZATION_PREFERS_STRING_CATALOGS = YES;
				MTL_ENABLE_DEBUG_INFO = INCLUDE_SOURCE;
				MTL_FAST_MATH = YES;
				ONLY_ACTIVE_ARCH = YES;
				SDKROOT = iphoneos;
				SWIFT_ACTIVE_COMPILATION_CONDITIONS = "DEBUG $(inherited)";
				SWIFT_OPTIMIZATION_LEVEL = "-Onone";
			};
			name = Debug;
		};
		EDD046BF2B3E72D600B9F29C /* Release */ = {
			isa = XCBuildConfiguration;
			buildSettings = {
				ALWAYS_SEARCH_USER_PATHS = NO;
				ASSETCATALOG_COMPILER_GENERATE_SWIFT_ASSET_SYMBOL_EXTENSIONS = YES;
				CLANG_ANALYZER_NONNULL = YES;
				CLANG_ANALYZER_NUMBER_OBJECT_CONVERSION = YES_AGGRESSIVE;
				CLANG_CXX_LANGUAGE_STANDARD = "gnu++20";
				CLANG_ENABLE_MODULES = YES;
				CLANG_ENABLE_OBJC_ARC = YES;
				CLANG_ENABLE_OBJC_WEAK = YES;
				CLANG_WARN_BLOCK_CAPTURE_AUTORELEASING = YES;
				CLANG_WARN_BOOL_CONVERSION = YES;
				CLANG_WARN_COMMA = YES;
				CLANG_WARN_CONSTANT_CONVERSION = YES;
				CLANG_WARN_DEPRECATED_OBJC_IMPLEMENTATIONS = YES;
				CLANG_WARN_DIRECT_OBJC_ISA_USAGE = YES_ERROR;
				CLANG_WARN_DOCUMENTATION_COMMENTS = YES;
				CLANG_WARN_EMPTY_BODY = YES;
				CLANG_WARN_ENUM_CONVERSION = YES;
				CLANG_WARN_INFINITE_RECURSION = YES;
				CLANG_WARN_INT_CONVERSION = YES;
				CLANG_WARN_NON_LITERAL_NULL_CONVERSION = YES;
				CLANG_WARN_OBJC_IMPLICIT_RETAIN_SELF = YES;
				CLANG_WARN_OBJC_LITERAL_CONVERSION = YES;
				CLANG_WARN_OBJC_ROOT_CLASS = YES_ERROR;
				CLANG_WARN_QUOTED_INCLUDE_IN_FRAMEWORK_HEADER = YES;
				CLANG_WARN_RANGE_LOOP_ANALYSIS = YES;
				CLANG_WARN_STRICT_PROTOTYPES = YES;
				CLANG_WARN_SUSPICIOUS_MOVE = YES;
				CLANG_WARN_UNGUARDED_AVAILABILITY = YES_AGGRESSIVE;
				CLANG_WARN_UNREACHABLE_CODE = YES;
				CLANG_WARN__DUPLICATE_METHOD_MATCH = YES;
				COPY_PHASE_STRIP = NO;
				DEBUG_INFORMATION_FORMAT = "dwarf-with-dsym";
				ENABLE_NS_ASSERTIONS = NO;
				ENABLE_STRICT_OBJC_MSGSEND = YES;
				ENABLE_USER_SCRIPT_SANDBOXING = YES;
				GCC_C_LANGUAGE_STANDARD = gnu17;
				GCC_NO_COMMON_BLOCKS = YES;
				GCC_WARN_64_TO_32_BIT_CONVERSION = YES;
				GCC_WARN_ABOUT_RETURN_TYPE = YES_ERROR;
				GCC_WARN_UNDECLARED_SELECTOR = YES;
				GCC_WARN_UNINITIALIZED_AUTOS = YES_AGGRESSIVE;
				GCC_WARN_UNUSED_FUNCTION = YES;
				GCC_WARN_UNUSED_VARIABLE = YES;
				IPHONEOS_DEPLOYMENT_TARGET = 17.0;
				LOCALIZATION_PREFERS_STRING_CATALOGS = YES;
				MTL_ENABLE_DEBUG_INFO = NO;
				MTL_FAST_MATH = YES;
				SDKROOT = iphoneos;
				SWIFT_COMPILATION_MODE = wholemodule;
				VALIDATE_PRODUCT = YES;
			};
			name = Release;
		};
		EDD046C12B3E72D600B9F29C /* Debug */ = {
			isa = XCBuildConfiguration;
			buildSettings = {
				ASSETCATALOG_COMPILER_APPICON_NAME = AppIcon;
				ASSETCATALOG_COMPILER_GLOBAL_ACCENT_COLOR_NAME = AccentColor;
				CODE_SIGN_STYLE = Automatic;
				CURRENT_PROJECT_VERSION = 1;
				DEVELOPMENT_ASSET_PATHS = "\"FaceFacts/Preview Content\"";
				DEVELOPMENT_TEAM = Y3J97MU6KP;
				ENABLE_PREVIEWS = YES;
				GENERATE_INFOPLIST_FILE = YES;
				INFOPLIST_KEY_UIApplicationSceneManifest_Generation = YES;
				INFOPLIST_KEY_UIApplicationSupportsIndirectInputEvents = YES;
				INFOPLIST_KEY_UILaunchScreen_Generation = YES;
				INFOPLIST_KEY_UISupportedInterfaceOrientations_iPad = "UIInterfaceOrientationPortrait UIInterfaceOrientationPortraitUpsideDown UIInterfaceOrientationLandscapeLeft UIInterfaceOrientationLandscapeRight";
				INFOPLIST_KEY_UISupportedInterfaceOrientations_iPhone = "UIInterfaceOrientationPortrait UIInterfaceOrientationLandscapeLeft UIInterfaceOrientationLandscapeRight";
				LD_RUNPATH_SEARCH_PATHS = (
					"$(inherited)",
					"@executable_path/Frameworks",
				);
				MARKETING_VERSION = 1.0;
				PRODUCT_BUNDLE_IDENTIFIER = com.marcosklender.FaceFacts;
				PRODUCT_NAME = "$(TARGET_NAME)";
				SWIFT_EMIT_LOC_STRINGS = YES;
				SWIFT_VERSION = 5.0;
				TARGETED_DEVICE_FAMILY = "1,2";
			};
			name = Debug;
		};
		EDD046C22B3E72D600B9F29C /* Release */ = {
			isa = XCBuildConfiguration;
			buildSettings = {
				ASSETCATALOG_COMPILER_APPICON_NAME = AppIcon;
				ASSETCATALOG_COMPILER_GLOBAL_ACCENT_COLOR_NAME = AccentColor;
				CODE_SIGN_STYLE = Automatic;
				CURRENT_PROJECT_VERSION = 1;
				DEVELOPMENT_ASSET_PATHS = "\"FaceFacts/Preview Content\"";
				DEVELOPMENT_TEAM = Y3J97MU6KP;
				ENABLE_PREVIEWS = YES;
				GENERATE_INFOPLIST_FILE = YES;
				INFOPLIST_KEY_UIApplicationSceneManifest_Generation = YES;
				INFOPLIST_KEY_UIApplicationSupportsIndirectInputEvents = YES;
				INFOPLIST_KEY_UILaunchScreen_Generation = YES;
				INFOPLIST_KEY_UISupportedInterfaceOrientations_iPad = "UIInterfaceOrientationPortrait UIInterfaceOrientationPortraitUpsideDown UIInterfaceOrientationLandscapeLeft UIInterfaceOrientationLandscapeRight";
				INFOPLIST_KEY_UISupportedInterfaceOrientations_iPhone = "UIInterfaceOrientationPortrait UIInterfaceOrientationLandscapeLeft UIInterfaceOrientationLandscapeRight";
				LD_RUNPATH_SEARCH_PATHS = (
					"$(inherited)",
					"@executable_path/Frameworks",
				);
				MARKETING_VERSION = 1.0;
				PRODUCT_BUNDLE_IDENTIFIER = com.marcosklender.FaceFacts;
				PRODUCT_NAME = "$(TARGET_NAME)";
				SWIFT_EMIT_LOC_STRINGS = YES;
				SWIFT_VERSION = 5.0;
				TARGETED_DEVICE_FAMILY = "1,2";
			};
			name = Release;
		};
/* End XCBuildConfiguration section */

/* Begin XCConfigurationList section */
		EDD046AD2B3E72D600B9F29C /* Build configuration list for PBXProject "FaceFacts" */ = {
			isa = XCConfigurationList;
			buildConfigurations = (
				EDD046BE2B3E72D600B9F29C /* Debug */,
				EDD046BF2B3E72D600B9F29C /* Release */,
			);
			defaultConfigurationIsVisible = 0;
			defaultConfigurationName = Release;
		};
		EDD046C02B3E72D600B9F29C /* Build configuration list for PBXNativeTarget "FaceFacts" */ = {
			isa = XCConfigurationList;
			buildConfigurations = (
				EDD046C12B3E72D600B9F29C /* Debug */,
				EDD046C22B3E72D600B9F29C /* Release */,
			);
			defaultConfigurationIsVisible = 0;
			defaultConfigurationName = Release;
		};
/* End XCConfigurationList section */
	};
	rootObject = EDD046AA2B3E72D600B9F29C /* Project object */;
}
